
Microsoft Visual Studio Solution File, Format Version 12.00
# Visual Studio Version 16
VisualStudioVersion = 16.0.32126.315
MinimumVisualStudioVersion = 10.0.40219.1
Project("{FAE04EC0-301F-11D3-BF4B-00C04F79EFBC}") = "Ofertas", "Ofertas\Ofertas.csproj", "{DF32C22A-478E-47DB-8479-07947C0CFEF5}"
EndProject
Global
	GlobalSection(SolutionConfigurationPlatforms) = preSolution
		Debug|Any CPU = Debug|Any CPU
		Release|Any CPU = Release|Any CPU
	EndGlobalSection
	GlobalSection(ProjectConfigurationPlatforms) = postSolution
		{DF32C22A-478E-47DB-8479-07947C0CFEF5}.Debug|Any CPU.ActiveCfg = Debug|Any CPU
		{DF32C22A-478E-47DB-8479-07947C0CFEF5}.Debug|Any CPU.Build.0 = Debug|Any CPU
		{DF32C22A-478E-47DB-8479-07947C0CFEF5}.Release|Any CPU.ActiveCfg = Release|Any CPU
		{DF32C22A-478E-47DB-8479-07947C0CFEF5}.Release|Any CPU.Build.0 = Release|Any CPU
	EndGlobalSection
	GlobalSection(SolutionProperties) = preSolution
		HideSolutionNode = FALSE
	EndGlobalSection
	GlobalSection(ExtensibilityGlobals) = postSolution
		SolutionGuid = {B5540DA2-4FCA-40F1-BB1B-E68F7F64067B}
	EndGlobalSection
EndGlobal
